
Microsoft Visual Studio Solution File, Format Version 12.00
# Visual Studio Version 17
VisualStudioVersion = 17.8.34330.188
MinimumVisualStudioVersion = 10.0.40219.1
Project("{9A19103F-16F7-4668-BE54-9A1E7A4F7556}") = "DemoServerlessPlatform", "DemoServerlessPlatform.csproj", "{1D05A157-3456-4D1E-9C33-0673F2F85519}"
EndProject
Global
	GlobalSection(SolutionConfigurationPlatforms) = preSolution
		Debug|Any CPU = Debug|Any CPU
		Release|Any CPU = Release|Any CPU
	EndGlobalSection
	GlobalSection(ProjectConfigurationPlatforms) = postSolution
		{1D05A157-3456-4D1E-9C33-0673F2F85519}.Debug|Any CPU.ActiveCfg = Debug|Any CPU
		{1D05A157-3456-4D1E-9C33-0673F2F85519}.Debug|Any CPU.Build.0 = Debug|Any CPU
		{1D05A157-3456-4D1E-9C33-0673F2F85519}.Release|Any CPU.ActiveCfg = Release|Any CPU
		{1D05A157-3456-4D1E-9C33-0673F2F85519}.Release|Any CPU.Build.0 = Release|Any CPU
		{9354C27C-E170-43B5-9277-CA3C824B8BC5}.Debug|Any CPU.ActiveCfg = Debug|Any CPU
		{9354C27C-E170-43B5-9277-CA3C824B8BC5}.Debug|Any CPU.Build.0 = Debug|Any CPU
		{9354C27C-E170-43B5-9277-CA3C824B8BC5}.Release|Any CPU.ActiveCfg = Release|Any CPU
		{9354C27C-E170-43B5-9277-CA3C824B8BC5}.Release|Any CPU.Build.0 = Release|Any CPU
	EndGlobalSection
	GlobalSection(SolutionProperties) = preSolution
		HideSolutionNode = FALSE
	EndGlobalSection
	GlobalSection(ExtensibilityGlobals) = postSolution
		SolutionGuid = {5598828C-F441-4375-9154-CF2E6A10A2EC}
	EndGlobalSection
EndGlobal
