
Microsoft Visual Studio Solution File, Format Version 12.00
# Visual Studio Version 17
VisualStudioVersion = 17.8.34330.188
MinimumVisualStudioVersion = 10.0.40219.1
Project("{FAE04EC0-301F-11D3-BF4B-00C04F79EFBC}") = "domain", "domain\domain.csproj", "{D9729A9F-21CF-4F91-98C5-62A0DCED1055}"
EndProject
Project("{FAE04EC0-301F-11D3-BF4B-00C04F79EFBC}") = "infrastructure", "infrastructure\infrastructure.csproj", "{AFB6EB54-7675-43AE-9D43-2963D62026DB}"
EndProject
Project("{FAE04EC0-301F-11D3-BF4B-00C04F79EFBC}") = "DemoServerlessPlatform", "api\DemoServerlessPlatform.csproj", "{8AA2AEE7-CE8B-4563-9CC4-33D2B296513E}"
EndProject
Project("{FAE04EC0-301F-11D3-BF4B-00C04F79EFBC}") = "misc", "misc\misc.csproj", "{7A008CBE-D0BF-4093-9C24-DB112876E311}"
EndProject
Project("{FAE04EC0-301F-11D3-BF4B-00C04F79EFBC}") = "api.tests", "api.tests\api.tests.csproj", "{3590B3D0-B14D-4776-979E-74827710D338}"
EndProject
Project("{FAE04EC0-301F-11D3-BF4B-00C04F79EFBC}") = "domain.tests", "domain.tests\domain.tests.csproj", "{9724F16A-1527-4708-A1FC-6A8D4A3E740D}"
EndProject
Project("{FAE04EC0-301F-11D3-BF4B-00C04F79EFBC}") = "infrastructure.tests", "infrastructure.tests\infrastructure.tests.csproj", "{4C951B0E-92B7-4374-9313-B7ACC731FCBF}"
EndProject
Global
	GlobalSection(SolutionConfigurationPlatforms) = preSolution
		Debug|Any CPU = Debug|Any CPU
		Release|Any CPU = Release|Any CPU
	EndGlobalSection
	GlobalSection(ProjectConfigurationPlatforms) = postSolution
		{1D05A157-3456-4D1E-9C33-0673F2F85519}.Debug|Any CPU.ActiveCfg = Debug|Any CPU
		{1D05A157-3456-4D1E-9C33-0673F2F85519}.Debug|Any CPU.Build.0 = Debug|Any CPU
		{1D05A157-3456-4D1E-9C33-0673F2F85519}.Release|Any CPU.ActiveCfg = Release|Any CPU
		{1D05A157-3456-4D1E-9C33-0673F2F85519}.Release|Any CPU.Build.0 = Release|Any CPU
		{9354C27C-E170-43B5-9277-CA3C824B8BC5}.Debug|Any CPU.ActiveCfg = Debug|Any CPU
		{9354C27C-E170-43B5-9277-CA3C824B8BC5}.Debug|Any CPU.Build.0 = Debug|Any CPU
		{9354C27C-E170-43B5-9277-CA3C824B8BC5}.Release|Any CPU.ActiveCfg = Release|Any CPU
		{9354C27C-E170-43B5-9277-CA3C824B8BC5}.Release|Any CPU.Build.0 = Release|Any CPU
		{D9729A9F-21CF-4F91-98C5-62A0DCED1055}.Debug|Any CPU.ActiveCfg = Debug|Any CPU
		{D9729A9F-21CF-4F91-98C5-62A0DCED1055}.Debug|Any CPU.Build.0 = Debug|Any CPU
		{D9729A9F-21CF-4F91-98C5-62A0DCED1055}.Release|Any CPU.ActiveCfg = Release|Any CPU
		{D9729A9F-21CF-4F91-98C5-62A0DCED1055}.Release|Any CPU.Build.0 = Release|Any CPU
		{AFB6EB54-7675-43AE-9D43-2963D62026DB}.Debug|Any CPU.ActiveCfg = Debug|Any CPU
		{AFB6EB54-7675-43AE-9D43-2963D62026DB}.Debug|Any CPU.Build.0 = Debug|Any CPU
		{AFB6EB54-7675-43AE-9D43-2963D62026DB}.Release|Any CPU.ActiveCfg = Release|Any CPU
		{AFB6EB54-7675-43AE-9D43-2963D62026DB}.Release|Any CPU.Build.0 = Release|Any CPU
		{8AA2AEE7-CE8B-4563-9CC4-33D2B296513E}.Debug|Any CPU.ActiveCfg = Debug|Any CPU
		{8AA2AEE7-CE8B-4563-9CC4-33D2B296513E}.Debug|Any CPU.Build.0 = Debug|Any CPU
		{8AA2AEE7-CE8B-4563-9CC4-33D2B296513E}.Release|Any CPU.ActiveCfg = Release|Any CPU
		{8AA2AEE7-CE8B-4563-9CC4-33D2B296513E}.Release|Any CPU.Build.0 = Release|Any CPU
		{7A008CBE-D0BF-4093-9C24-DB112876E311}.Debug|Any CPU.ActiveCfg = Debug|Any CPU
		{7A008CBE-D0BF-4093-9C24-DB112876E311}.Debug|Any CPU.Build.0 = Debug|Any CPU
		{7A008CBE-D0BF-4093-9C24-DB112876E311}.Release|Any CPU.ActiveCfg = Release|Any CPU
		{7A008CBE-D0BF-4093-9C24-DB112876E311}.Release|Any CPU.Build.0 = Release|Any CPU
		{3590B3D0-B14D-4776-979E-74827710D338}.Debug|Any CPU.ActiveCfg = Debug|Any CPU
		{3590B3D0-B14D-4776-979E-74827710D338}.Debug|Any CPU.Build.0 = Debug|Any CPU
		{3590B3D0-B14D-4776-979E-74827710D338}.Release|Any CPU.ActiveCfg = Release|Any CPU
		{3590B3D0-B14D-4776-979E-74827710D338}.Release|Any CPU.Build.0 = Release|Any CPU
		{9724F16A-1527-4708-A1FC-6A8D4A3E740D}.Debug|Any CPU.ActiveCfg = Debug|Any CPU
		{9724F16A-1527-4708-A1FC-6A8D4A3E740D}.Debug|Any CPU.Build.0 = Debug|Any CPU
		{9724F16A-1527-4708-A1FC-6A8D4A3E740D}.Release|Any CPU.ActiveCfg = Release|Any CPU
		{9724F16A-1527-4708-A1FC-6A8D4A3E740D}.Release|Any CPU.Build.0 = Release|Any CPU
		{4C951B0E-92B7-4374-9313-B7ACC731FCBF}.Debug|Any CPU.ActiveCfg = Debug|Any CPU
		{4C951B0E-92B7-4374-9313-B7ACC731FCBF}.Debug|Any CPU.Build.0 = Debug|Any CPU
		{4C951B0E-92B7-4374-9313-B7ACC731FCBF}.Release|Any CPU.ActiveCfg = Release|Any CPU
		{4C951B0E-92B7-4374-9313-B7ACC731FCBF}.Release|Any CPU.Build.0 = Release|Any CPU
	EndGlobalSection
	GlobalSection(SolutionProperties) = preSolution
		HideSolutionNode = FALSE
	EndGlobalSection
	GlobalSection(ExtensibilityGlobals) = postSolution
		SolutionGuid = {5598828C-F441-4375-9154-CF2E6A10A2EC}
	EndGlobalSection
EndGlobal
